
Microsoft Visual Studio Solution File, Format Version 12.00
# Visual Studio Version 17
VisualStudioVersion = 17.4.33122.133
MinimumVisualStudioVersion = 10.0.40219.1
Project("{8BC9CEB8-8B4A-11D0-8D11-00A0C91BC942}") = "Video_shop", "Video_shop\Video_shop.vcxproj", "{384C2C71-B912-4C8B-B6D3-1CCB2E78792E}"
EndProject
Global
	GlobalSection(SolutionConfigurationPlatforms) = preSolution
		Debug|x64 = Debug|x64
		Debug|x86 = Debug|x86
		Release|x64 = Release|x64
		Release|x86 = Release|x86
	EndGlobalSection
	GlobalSection(ProjectConfigurationPlatforms) = postSolution
		{384C2C71-B912-4C8B-B6D3-1CCB2E78792E}.Debug|x64.ActiveCfg = Debug|x64
		{384C2C71-B912-4C8B-B6D3-1CCB2E78792E}.Debug|x64.Build.0 = Debug|x64
		{384C2C71-B912-4C8B-B6D3-1CCB2E78792E}.Debug|x86.ActiveCfg = Debug|Win32
		{384C2C71-B912-4C8B-B6D3-1CCB2E78792E}.Debug|x86.Build.0 = Debug|Win32
		{384C2C71-B912-4C8B-B6D3-1CCB2E78792E}.Release|x64.ActiveCfg = Release|x64
		{384C2C71-B912-4C8B-B6D3-1CCB2E78792E}.Release|x64.Build.0 = Release|x64
		{384C2C71-B912-4C8B-B6D3-1CCB2E78792E}.Release|x86.ActiveCfg = Release|Win32
		{384C2C71-B912-4C8B-B6D3-1CCB2E78792E}.Release|x86.Build.0 = Release|Win32
	EndGlobalSection
	GlobalSection(SolutionProperties) = preSolution
		HideSolutionNode = FALSE
	EndGlobalSection
	GlobalSection(ExtensibilityGlobals) = postSolution
		SolutionGuid = {73C53E7A-1C64-4DA4-AA39-5975288C5CD9}
	EndGlobalSection
EndGlobal
